
Microsoft Visual Studio Solution File, Format Version 12.00
# Visual Studio 2013
VisualStudioVersion = 12.0.31101.0
MinimumVisualStudioVersion = 10.0.40219.1
Project("{FAE04EC0-301F-11D3-BF4B-00C04F79EFBC}") = "UploadDemo", "UploadDemo\UploadDemo.csproj", "{2E5A5110-2EC1-4ABE-8BA4-80B4F4C7E5C7}"
EndProject
Project("{2150E333-8FDC-42A3-9474-1A3956D46DE8}") = "doc", "doc", "{0A4D7F0E-CB34-4646-9C2C-22AAE68CA8D1}"
	ProjectSection(SolutionItems) = preProject
		..\doc\demo-bootstrap.md = ..\doc\demo-bootstrap.md
		..\doc\demo-html.md = ..\doc\demo-html.md
		..\doc\demo-scroller.md = ..\doc\demo-scroller.md
		..\doc\demo-unify.md = ..\doc\demo-unify.md
		..\doc\demo-upload.md = ..\doc\demo-upload.md
		..\readme.md = ..\readme.md
		..\doc\todolist.md = ..\doc\todolist.md
	EndProjectSection
EndProject
Project("{FAE04EC0-301F-11D3-BF4B-00C04F79EFBC}") = "UnifyDemo", "UnifyDemo\UnifyDemo.csproj", "{8B6838F8-3903-490D-B164-C5794A196740}"
EndProject
Project("{FAE04EC0-301F-11D3-BF4B-00C04F79EFBC}") = "ScrollerDemo", "ScrollerDemo\ScrollerDemo.csproj", "{3DEFD22D-341F-4BE1-8D9F-FA5760CEFFB6}"
EndProject
Project("{FAE04EC0-301F-11D3-BF4B-00C04F79EFBC}") = "AngularDemo", "AngularDemo\AngularDemo.csproj", "{A7BE8C21-4DFF-4C5E-8497-966B0951DABB}"
EndProject
Project("{FAE04EC0-301F-11D3-BF4B-00C04F79EFBC}") = "FormAuthDemo", "FormAuthDemo\FormAuthDemo.csproj", "{78DCADF7-2699-4656-BA69-B2AB11260353}"
EndProject
Project("{FAE04EC0-301F-11D3-BF4B-00C04F79EFBC}") = "JsDemo", "JsDemo\JsDemo.csproj", "{10106737-6F89-4816-A0D0-F0FFE3B53EA2}"
EndProject
Project("{FAE04EC0-301F-11D3-BF4B-00C04F79EFBC}") = "WpfDemo", "WpfDemo\WpfDemo.csproj", "{580078E4-0F31-43FC-847E-49DEC969D910}"
EndProject
Project("{FAE04EC0-301F-11D3-BF4B-00C04F79EFBC}") = "AngularUIDemo", "AngularUIDemo\AngularUIDemo.csproj", "{92CD9919-EC3A-42A3-A0B2-FDC5D4967A52}"
EndProject
Project("{FAE04EC0-301F-11D3-BF4B-00C04F79EFBC}") = "WidgetDemo", "WidgetDemo\WidgetDemo.csproj", "{8D824AA7-AF26-4505-8DE1-C1856D5261D1}"
EndProject
Project("{FAE04EC0-301F-11D3-BF4B-00C04F79EFBC}") = "BundleDemo", "BundleDemo\BundleDemo.csproj", "{95E947CB-4A00-4228-9D5F-96B2E401D91C}"
EndProject
Global
	GlobalSection(SolutionConfigurationPlatforms) = preSolution
		Debug|Any CPU = Debug|Any CPU
		Release|Any CPU = Release|Any CPU
	EndGlobalSection
	GlobalSection(ProjectConfigurationPlatforms) = postSolution
		{2E5A5110-2EC1-4ABE-8BA4-80B4F4C7E5C7}.Debug|Any CPU.ActiveCfg = Debug|Any CPU
		{2E5A5110-2EC1-4ABE-8BA4-80B4F4C7E5C7}.Debug|Any CPU.Build.0 = Debug|Any CPU
		{2E5A5110-2EC1-4ABE-8BA4-80B4F4C7E5C7}.Release|Any CPU.ActiveCfg = Release|Any CPU
		{2E5A5110-2EC1-4ABE-8BA4-80B4F4C7E5C7}.Release|Any CPU.Build.0 = Release|Any CPU
		{8B6838F8-3903-490D-B164-C5794A196740}.Debug|Any CPU.ActiveCfg = Debug|Any CPU
		{8B6838F8-3903-490D-B164-C5794A196740}.Debug|Any CPU.Build.0 = Debug|Any CPU
		{8B6838F8-3903-490D-B164-C5794A196740}.Release|Any CPU.ActiveCfg = Release|Any CPU
		{8B6838F8-3903-490D-B164-C5794A196740}.Release|Any CPU.Build.0 = Release|Any CPU
		{3DEFD22D-341F-4BE1-8D9F-FA5760CEFFB6}.Debug|Any CPU.ActiveCfg = Debug|Any CPU
		{3DEFD22D-341F-4BE1-8D9F-FA5760CEFFB6}.Debug|Any CPU.Build.0 = Debug|Any CPU
		{3DEFD22D-341F-4BE1-8D9F-FA5760CEFFB6}.Release|Any CPU.ActiveCfg = Release|Any CPU
		{3DEFD22D-341F-4BE1-8D9F-FA5760CEFFB6}.Release|Any CPU.Build.0 = Release|Any CPU
		{A7BE8C21-4DFF-4C5E-8497-966B0951DABB}.Debug|Any CPU.ActiveCfg = Debug|Any CPU
		{A7BE8C21-4DFF-4C5E-8497-966B0951DABB}.Debug|Any CPU.Build.0 = Debug|Any CPU
		{A7BE8C21-4DFF-4C5E-8497-966B0951DABB}.Release|Any CPU.ActiveCfg = Release|Any CPU
		{A7BE8C21-4DFF-4C5E-8497-966B0951DABB}.Release|Any CPU.Build.0 = Release|Any CPU
		{78DCADF7-2699-4656-BA69-B2AB11260353}.Debug|Any CPU.ActiveCfg = Debug|Any CPU
		{78DCADF7-2699-4656-BA69-B2AB11260353}.Debug|Any CPU.Build.0 = Debug|Any CPU
		{78DCADF7-2699-4656-BA69-B2AB11260353}.Release|Any CPU.ActiveCfg = Release|Any CPU
		{78DCADF7-2699-4656-BA69-B2AB11260353}.Release|Any CPU.Build.0 = Release|Any CPU
		{10106737-6F89-4816-A0D0-F0FFE3B53EA2}.Debug|Any CPU.ActiveCfg = Debug|Any CPU
		{10106737-6F89-4816-A0D0-F0FFE3B53EA2}.Debug|Any CPU.Build.0 = Debug|Any CPU
		{10106737-6F89-4816-A0D0-F0FFE3B53EA2}.Release|Any CPU.ActiveCfg = Release|Any CPU
		{10106737-6F89-4816-A0D0-F0FFE3B53EA2}.Release|Any CPU.Build.0 = Release|Any CPU
		{580078E4-0F31-43FC-847E-49DEC969D910}.Debug|Any CPU.ActiveCfg = Debug|Any CPU
		{580078E4-0F31-43FC-847E-49DEC969D910}.Debug|Any CPU.Build.0 = Debug|Any CPU
		{580078E4-0F31-43FC-847E-49DEC969D910}.Release|Any CPU.ActiveCfg = Release|Any CPU
		{580078E4-0F31-43FC-847E-49DEC969D910}.Release|Any CPU.Build.0 = Release|Any CPU
		{92CD9919-EC3A-42A3-A0B2-FDC5D4967A52}.Debug|Any CPU.ActiveCfg = Debug|Any CPU
		{92CD9919-EC3A-42A3-A0B2-FDC5D4967A52}.Debug|Any CPU.Build.0 = Debug|Any CPU
		{92CD9919-EC3A-42A3-A0B2-FDC5D4967A52}.Release|Any CPU.ActiveCfg = Release|Any CPU
		{92CD9919-EC3A-42A3-A0B2-FDC5D4967A52}.Release|Any CPU.Build.0 = Release|Any CPU
		{8D824AA7-AF26-4505-8DE1-C1856D5261D1}.Debug|Any CPU.ActiveCfg = Debug|Any CPU
		{8D824AA7-AF26-4505-8DE1-C1856D5261D1}.Debug|Any CPU.Build.0 = Debug|Any CPU
		{8D824AA7-AF26-4505-8DE1-C1856D5261D1}.Release|Any CPU.ActiveCfg = Release|Any CPU
		{8D824AA7-AF26-4505-8DE1-C1856D5261D1}.Release|Any CPU.Build.0 = Release|Any CPU
		{95E947CB-4A00-4228-9D5F-96B2E401D91C}.Debug|Any CPU.ActiveCfg = Debug|Any CPU
		{95E947CB-4A00-4228-9D5F-96B2E401D91C}.Debug|Any CPU.Build.0 = Debug|Any CPU
		{95E947CB-4A00-4228-9D5F-96B2E401D91C}.Release|Any CPU.ActiveCfg = Release|Any CPU
		{95E947CB-4A00-4228-9D5F-96B2E401D91C}.Release|Any CPU.Build.0 = Release|Any CPU
	EndGlobalSection
	GlobalSection(SolutionProperties) = preSolution
		HideSolutionNode = FALSE
	EndGlobalSection
EndGlobal
