
Microsoft Visual Studio Solution File, Format Version 12.00
# Visual Studio 2013
VisualStudioVersion = 12.0.31101.0
MinimumVisualStudioVersion = 10.0.40219.1
Project("{FAE04EC0-301F-11D3-BF4B-00C04F79EFBC}") = "UploadDemo", "UploadDemo\UploadDemo.csproj", "{2E5A5110-2EC1-4ABE-8BA4-80B4F4C7E5C7}"
EndProject
Project("{2150E333-8FDC-42A3-9474-1A3956D46DE8}") = "doc", "doc", "{0A4D7F0E-CB34-4646-9C2C-22AAE68CA8D1}"
	ProjectSection(SolutionItems) = preProject
		..\doc\demo-bootstrap.md = ..\doc\demo-bootstrap.md
		..\doc\demo-html.md = ..\doc\demo-html.md
		..\doc\demo-scroller.md = ..\doc\demo-scroller.md
		..\doc\demo-unify.md = ..\doc\demo-unify.md
		..\doc\demo-upload.md = ..\doc\demo-upload.md
		..\readme.md = ..\readme.md
		..\doc\todolist.md = ..\doc\todolist.md
	EndProjectSection
EndProject
Project("{FAE04EC0-301F-11D3-BF4B-00C04F79EFBC}") = "UnifyDemo", "UnifyDemo\UnifyDemo.csproj", "{8B6838F8-3903-490D-B164-C5794A196740}"
EndProject
Project("{FAE04EC0-301F-11D3-BF4B-00C04F79EFBC}") = "ScrollerDemo", "ScrollerDemo\ScrollerDemo.csproj", "{3DEFD22D-341F-4BE1-8D9F-FA5760CEFFB6}"
EndProject
Project("{FAE04EC0-301F-11D3-BF4B-00C04F79EFBC}") = "AngularDemo", "AngularDemo\AngularDemo.csproj", "{A7BE8C21-4DFF-4C5E-8497-966B0951DABB}"
EndProject
Project("{FAE04EC0-301F-11D3-BF4B-00C04F79EFBC}") = "FormAuthDemo", "FormAuthDemo\FormAuthDemo.csproj", "{78DCADF7-2699-4656-BA69-B2AB11260353}"
EndProject
Project("{FAE04EC0-301F-11D3-BF4B-00C04F79EFBC}") = "JsDemo", "JsDemo\JsDemo.csproj", "{10106737-6F89-4816-A0D0-F0FFE3B53EA2}"
EndProject
Project("{FAE04EC0-301F-11D3-BF4B-00C04F79EFBC}") = "WpfDemo", "WpfDemo\WpfDemo.csproj", "{580078E4-0F31-43FC-847E-49DEC969D910}"
EndProject
Project("{FAE04EC0-301F-11D3-BF4B-00C04F79EFBC}") = "AngularUIDemo", "AngularUIDemo\AngularUIDemo.csproj", "{92CD9919-EC3A-42A3-A0B2-FDC5D4967A52}"
EndProject
Project("{FAE04EC0-301F-11D3-BF4B-00C04F79EFBC}") = "WidgetDemo", "WidgetDemo\WidgetDemo.csproj", "{8D824AA7-AF26-4505-8DE1-C1856D5261D1}"
EndProject
Project("{FAE04EC0-301F-11D3-BF4B-00C04F79EFBC}") = "BundleDemo", "BundleDemo\BundleDemo.csproj", "{95E947CB-4A00-4228-9D5F-96B2E401D91C}"
EndProject
Project("{FAE04EC0-301F-11D3-BF4B-00C04F79EFBC}") = "MvcDemo", "MvcDemo\MvcDemo.csproj", "{F31FDCF8-F5D3-41F5-9B43-7267C4E75A11}"
EndProject
Project("{FAE04EC0-301F-11D3-BF4B-00C04F79EFBC}") = "ImageDemo", "ImageDemo\ImageDemo.csproj", "{69BA7276-7D05-4E80-ADFD-F74ECFC29012}"
EndProject
Project("{FAE04EC0-301F-11D3-BF4B-00C04F79EFBC}") = "AutoMapperDemo", "AutoMapperDemo\AutoMapperDemo.csproj", "{4E1274D2-C85A-46E0-9F19-8B1A29A17FC7}"
EndProject
Project("{FAE04EC0-301F-11D3-BF4B-00C04F79EFBC}") = "NhibernateDemo", "NhibernateDemo\NhibernateDemo.csproj", "{9FC2183A-AE9E-4140-9313-92F5892CAFDC}"
EndProject
Project("{FAE04EC0-301F-11D3-BF4B-00C04F79EFBC}") = "ZQNB.Common", "ZQNB.Common\ZQNB.Common.csproj", "{97216DD3-AE9D-4EC7-8DE7-8760D4DE9F20}"
EndProject
Project("{2150E333-8FDC-42A3-9474-1A3956D46DE8}") = "common", "common", "{34F20017-5BD2-418F-977D-6667F6162A88}"
EndProject
Project("{2150E333-8FDC-42A3-9474-1A3956D46DE8}") = "ui", "ui", "{025D6C2A-2142-499D-BEC9-B8CE5CB8496F}"
EndProject
Project("{2150E333-8FDC-42A3-9474-1A3956D46DE8}") = "miscs", "miscs", "{B0C5CDCA-8568-497D-BBA7-252478A76CED}"
EndProject
Project("{FAE04EC0-301F-11D3-BF4B-00C04F79EFBC}") = "AceDemo", "AceDemo\AceDemo.csproj", "{BCE5B7DF-CD45-4021-81B6-266868DDF03D}"
EndProject
Project("{FAE04EC0-301F-11D3-BF4B-00C04F79EFBC}") = "ZQNB.BaseLib", "ZQNB.BaseLib\ZQNB.BaseLib.csproj", "{F495F5BD-6194-44B1-BCD4-51FC4FEB2FFF}"
EndProject
Project("{2150E333-8FDC-42A3-9474-1A3956D46DE8}") = "multi tenancy", "multi tenancy", "{39360384-D1A5-4FFE-8911-89942A90E2A0}"
EndProject
Project("{FAE04EC0-301F-11D3-BF4B-00C04F79EFBC}") = "SimpleMultiTenancy", "SimpleMultiTenancy\SimpleMultiTenancy.csproj", "{416C7597-29E9-4FA0-A547-455E942216DE}"
EndProject
Global
	GlobalSection(SolutionConfigurationPlatforms) = preSolution
		Debug|Any CPU = Debug|Any CPU
		Release|Any CPU = Release|Any CPU
	EndGlobalSection
	GlobalSection(ProjectConfigurationPlatforms) = postSolution
		{2E5A5110-2EC1-4ABE-8BA4-80B4F4C7E5C7}.Debug|Any CPU.ActiveCfg = Debug|Any CPU
		{2E5A5110-2EC1-4ABE-8BA4-80B4F4C7E5C7}.Debug|Any CPU.Build.0 = Debug|Any CPU
		{2E5A5110-2EC1-4ABE-8BA4-80B4F4C7E5C7}.Release|Any CPU.ActiveCfg = Release|Any CPU
		{2E5A5110-2EC1-4ABE-8BA4-80B4F4C7E5C7}.Release|Any CPU.Build.0 = Release|Any CPU
		{8B6838F8-3903-490D-B164-C5794A196740}.Debug|Any CPU.ActiveCfg = Debug|Any CPU
		{8B6838F8-3903-490D-B164-C5794A196740}.Debug|Any CPU.Build.0 = Debug|Any CPU
		{8B6838F8-3903-490D-B164-C5794A196740}.Release|Any CPU.ActiveCfg = Release|Any CPU
		{8B6838F8-3903-490D-B164-C5794A196740}.Release|Any CPU.Build.0 = Release|Any CPU
		{3DEFD22D-341F-4BE1-8D9F-FA5760CEFFB6}.Debug|Any CPU.ActiveCfg = Debug|Any CPU
		{3DEFD22D-341F-4BE1-8D9F-FA5760CEFFB6}.Debug|Any CPU.Build.0 = Debug|Any CPU
		{3DEFD22D-341F-4BE1-8D9F-FA5760CEFFB6}.Release|Any CPU.ActiveCfg = Release|Any CPU
		{3DEFD22D-341F-4BE1-8D9F-FA5760CEFFB6}.Release|Any CPU.Build.0 = Release|Any CPU
		{A7BE8C21-4DFF-4C5E-8497-966B0951DABB}.Debug|Any CPU.ActiveCfg = Debug|Any CPU
		{A7BE8C21-4DFF-4C5E-8497-966B0951DABB}.Debug|Any CPU.Build.0 = Debug|Any CPU
		{A7BE8C21-4DFF-4C5E-8497-966B0951DABB}.Release|Any CPU.ActiveCfg = Release|Any CPU
		{A7BE8C21-4DFF-4C5E-8497-966B0951DABB}.Release|Any CPU.Build.0 = Release|Any CPU
		{78DCADF7-2699-4656-BA69-B2AB11260353}.Debug|Any CPU.ActiveCfg = Debug|Any CPU
		{78DCADF7-2699-4656-BA69-B2AB11260353}.Debug|Any CPU.Build.0 = Debug|Any CPU
		{78DCADF7-2699-4656-BA69-B2AB11260353}.Release|Any CPU.ActiveCfg = Release|Any CPU
		{78DCADF7-2699-4656-BA69-B2AB11260353}.Release|Any CPU.Build.0 = Release|Any CPU
		{10106737-6F89-4816-A0D0-F0FFE3B53EA2}.Debug|Any CPU.ActiveCfg = Debug|Any CPU
		{10106737-6F89-4816-A0D0-F0FFE3B53EA2}.Debug|Any CPU.Build.0 = Debug|Any CPU
		{10106737-6F89-4816-A0D0-F0FFE3B53EA2}.Release|Any CPU.ActiveCfg = Release|Any CPU
		{10106737-6F89-4816-A0D0-F0FFE3B53EA2}.Release|Any CPU.Build.0 = Release|Any CPU
		{580078E4-0F31-43FC-847E-49DEC969D910}.Debug|Any CPU.ActiveCfg = Debug|Any CPU
		{580078E4-0F31-43FC-847E-49DEC969D910}.Debug|Any CPU.Build.0 = Debug|Any CPU
		{580078E4-0F31-43FC-847E-49DEC969D910}.Release|Any CPU.ActiveCfg = Release|Any CPU
		{580078E4-0F31-43FC-847E-49DEC969D910}.Release|Any CPU.Build.0 = Release|Any CPU
		{92CD9919-EC3A-42A3-A0B2-FDC5D4967A52}.Debug|Any CPU.ActiveCfg = Debug|Any CPU
		{92CD9919-EC3A-42A3-A0B2-FDC5D4967A52}.Debug|Any CPU.Build.0 = Debug|Any CPU
		{92CD9919-EC3A-42A3-A0B2-FDC5D4967A52}.Release|Any CPU.ActiveCfg = Release|Any CPU
		{92CD9919-EC3A-42A3-A0B2-FDC5D4967A52}.Release|Any CPU.Build.0 = Release|Any CPU
		{8D824AA7-AF26-4505-8DE1-C1856D5261D1}.Debug|Any CPU.ActiveCfg = Debug|Any CPU
		{8D824AA7-AF26-4505-8DE1-C1856D5261D1}.Debug|Any CPU.Build.0 = Debug|Any CPU
		{8D824AA7-AF26-4505-8DE1-C1856D5261D1}.Release|Any CPU.ActiveCfg = Release|Any CPU
		{8D824AA7-AF26-4505-8DE1-C1856D5261D1}.Release|Any CPU.Build.0 = Release|Any CPU
		{95E947CB-4A00-4228-9D5F-96B2E401D91C}.Debug|Any CPU.ActiveCfg = Debug|Any CPU
		{95E947CB-4A00-4228-9D5F-96B2E401D91C}.Debug|Any CPU.Build.0 = Debug|Any CPU
		{95E947CB-4A00-4228-9D5F-96B2E401D91C}.Release|Any CPU.ActiveCfg = Release|Any CPU
		{95E947CB-4A00-4228-9D5F-96B2E401D91C}.Release|Any CPU.Build.0 = Release|Any CPU
		{F31FDCF8-F5D3-41F5-9B43-7267C4E75A11}.Debug|Any CPU.ActiveCfg = Debug|Any CPU
		{F31FDCF8-F5D3-41F5-9B43-7267C4E75A11}.Debug|Any CPU.Build.0 = Debug|Any CPU
		{F31FDCF8-F5D3-41F5-9B43-7267C4E75A11}.Release|Any CPU.ActiveCfg = Release|Any CPU
		{F31FDCF8-F5D3-41F5-9B43-7267C4E75A11}.Release|Any CPU.Build.0 = Release|Any CPU
		{69BA7276-7D05-4E80-ADFD-F74ECFC29012}.Debug|Any CPU.ActiveCfg = Debug|Any CPU
		{69BA7276-7D05-4E80-ADFD-F74ECFC29012}.Debug|Any CPU.Build.0 = Debug|Any CPU
		{69BA7276-7D05-4E80-ADFD-F74ECFC29012}.Release|Any CPU.ActiveCfg = Release|Any CPU
		{69BA7276-7D05-4E80-ADFD-F74ECFC29012}.Release|Any CPU.Build.0 = Release|Any CPU
		{4E1274D2-C85A-46E0-9F19-8B1A29A17FC7}.Debug|Any CPU.ActiveCfg = Debug|Any CPU
		{4E1274D2-C85A-46E0-9F19-8B1A29A17FC7}.Debug|Any CPU.Build.0 = Debug|Any CPU
		{4E1274D2-C85A-46E0-9F19-8B1A29A17FC7}.Release|Any CPU.ActiveCfg = Release|Any CPU
		{4E1274D2-C85A-46E0-9F19-8B1A29A17FC7}.Release|Any CPU.Build.0 = Release|Any CPU
		{9FC2183A-AE9E-4140-9313-92F5892CAFDC}.Debug|Any CPU.ActiveCfg = Debug|Any CPU
		{9FC2183A-AE9E-4140-9313-92F5892CAFDC}.Debug|Any CPU.Build.0 = Debug|Any CPU
		{9FC2183A-AE9E-4140-9313-92F5892CAFDC}.Release|Any CPU.ActiveCfg = Release|Any CPU
		{9FC2183A-AE9E-4140-9313-92F5892CAFDC}.Release|Any CPU.Build.0 = Release|Any CPU
		{97216DD3-AE9D-4EC7-8DE7-8760D4DE9F20}.Debug|Any CPU.ActiveCfg = Debug|Any CPU
		{97216DD3-AE9D-4EC7-8DE7-8760D4DE9F20}.Debug|Any CPU.Build.0 = Debug|Any CPU
		{97216DD3-AE9D-4EC7-8DE7-8760D4DE9F20}.Release|Any CPU.ActiveCfg = Release|Any CPU
		{97216DD3-AE9D-4EC7-8DE7-8760D4DE9F20}.Release|Any CPU.Build.0 = Release|Any CPU
		{BCE5B7DF-CD45-4021-81B6-266868DDF03D}.Debug|Any CPU.ActiveCfg = Debug|Any CPU
		{BCE5B7DF-CD45-4021-81B6-266868DDF03D}.Debug|Any CPU.Build.0 = Debug|Any CPU
		{BCE5B7DF-CD45-4021-81B6-266868DDF03D}.Release|Any CPU.ActiveCfg = Release|Any CPU
		{BCE5B7DF-CD45-4021-81B6-266868DDF03D}.Release|Any CPU.Build.0 = Release|Any CPU
		{F495F5BD-6194-44B1-BCD4-51FC4FEB2FFF}.Debug|Any CPU.ActiveCfg = Debug|Any CPU
		{F495F5BD-6194-44B1-BCD4-51FC4FEB2FFF}.Debug|Any CPU.Build.0 = Debug|Any CPU
		{F495F5BD-6194-44B1-BCD4-51FC4FEB2FFF}.Release|Any CPU.ActiveCfg = Release|Any CPU
		{F495F5BD-6194-44B1-BCD4-51FC4FEB2FFF}.Release|Any CPU.Build.0 = Release|Any CPU
		{416C7597-29E9-4FA0-A547-455E942216DE}.Debug|Any CPU.ActiveCfg = Debug|Any CPU
		{416C7597-29E9-4FA0-A547-455E942216DE}.Debug|Any CPU.Build.0 = Debug|Any CPU
		{416C7597-29E9-4FA0-A547-455E942216DE}.Release|Any CPU.ActiveCfg = Release|Any CPU
		{416C7597-29E9-4FA0-A547-455E942216DE}.Release|Any CPU.Build.0 = Release|Any CPU
	EndGlobalSection
	GlobalSection(SolutionProperties) = preSolution
		HideSolutionNode = FALSE
	EndGlobalSection
	GlobalSection(NestedProjects) = preSolution
		{2E5A5110-2EC1-4ABE-8BA4-80B4F4C7E5C7} = {025D6C2A-2142-499D-BEC9-B8CE5CB8496F}
		{8B6838F8-3903-490D-B164-C5794A196740} = {025D6C2A-2142-499D-BEC9-B8CE5CB8496F}
		{3DEFD22D-341F-4BE1-8D9F-FA5760CEFFB6} = {025D6C2A-2142-499D-BEC9-B8CE5CB8496F}
		{A7BE8C21-4DFF-4C5E-8497-966B0951DABB} = {025D6C2A-2142-499D-BEC9-B8CE5CB8496F}
		{78DCADF7-2699-4656-BA69-B2AB11260353} = {B0C5CDCA-8568-497D-BBA7-252478A76CED}
		{10106737-6F89-4816-A0D0-F0FFE3B53EA2} = {025D6C2A-2142-499D-BEC9-B8CE5CB8496F}
		{580078E4-0F31-43FC-847E-49DEC969D910} = {B0C5CDCA-8568-497D-BBA7-252478A76CED}
		{92CD9919-EC3A-42A3-A0B2-FDC5D4967A52} = {025D6C2A-2142-499D-BEC9-B8CE5CB8496F}
		{8D824AA7-AF26-4505-8DE1-C1856D5261D1} = {025D6C2A-2142-499D-BEC9-B8CE5CB8496F}
		{95E947CB-4A00-4228-9D5F-96B2E401D91C} = {025D6C2A-2142-499D-BEC9-B8CE5CB8496F}
		{69BA7276-7D05-4E80-ADFD-F74ECFC29012} = {025D6C2A-2142-499D-BEC9-B8CE5CB8496F}
		{4E1274D2-C85A-46E0-9F19-8B1A29A17FC7} = {B0C5CDCA-8568-497D-BBA7-252478A76CED}
		{9FC2183A-AE9E-4140-9313-92F5892CAFDC} = {B0C5CDCA-8568-497D-BBA7-252478A76CED}
		{97216DD3-AE9D-4EC7-8DE7-8760D4DE9F20} = {34F20017-5BD2-418F-977D-6667F6162A88}
		{BCE5B7DF-CD45-4021-81B6-266868DDF03D} = {025D6C2A-2142-499D-BEC9-B8CE5CB8496F}
		{F495F5BD-6194-44B1-BCD4-51FC4FEB2FFF} = {34F20017-5BD2-418F-977D-6667F6162A88}
		{416C7597-29E9-4FA0-A547-455E942216DE} = {39360384-D1A5-4FFE-8911-89942A90E2A0}
	EndGlobalSection
EndGlobal
